
Microsoft Visual Studio Solution File, Format Version 12.00
# Visual Studio Version 16
VisualStudioVersion = 16.0.32002.261
MinimumVisualStudioVersion = 10.0.40219.1
Project("{FAE04EC0-301F-11D3-BF4B-00C04F79EFBC}") = "users_parsing", "users_parsing.csproj", "{689E10F1-B00F-483E-BEE3-BB989C0DECD1}"
EndProject
Global
	GlobalSection(SolutionConfigurationPlatforms) = preSolution
		Debug|Any CPU = Debug|Any CPU
		Release|Any CPU = Release|Any CPU
	EndGlobalSection
	GlobalSection(ProjectConfigurationPlatforms) = postSolution
		{689E10F1-B00F-483E-BEE3-BB989C0DECD1}.Debug|Any CPU.ActiveCfg = Debug|Any CPU
		{689E10F1-B00F-483E-BEE3-BB989C0DECD1}.Debug|Any CPU.Build.0 = Debug|Any CPU
		{689E10F1-B00F-483E-BEE3-BB989C0DECD1}.Release|Any CPU.ActiveCfg = Release|Any CPU
		{689E10F1-B00F-483E-BEE3-BB989C0DECD1}.Release|Any CPU.Build.0 = Release|Any CPU
	EndGlobalSection
	GlobalSection(SolutionProperties) = preSolution
		HideSolutionNode = FALSE
	EndGlobalSection
	GlobalSection(ExtensibilityGlobals) = postSolution
		SolutionGuid = {4D8378A8-9517-4F86-85A4-E900E18BE413}
	EndGlobalSection
EndGlobal
